<?xml version="1.0" encoding="utf-8"?>
<Project ToolsVersion="4.0" xmlns="http://schemas.microsoft.com/developer/msbuild/2003">
  <ItemGroup>
    <Filter Include="data">
      <UniqueIdentifier>{5F91957C-4BC8-960D-F4B4-7C10E0CA120F}</UniqueIdentifier>
    </Filter>
    <Filter Include="source">
      <UniqueIdentifier>{ee907bdc-a95a-4dac-bc98-25221fdb234b}</UniqueIdentifier>
    </Filter>
    <Filter Include="source\TF6-MultiFix">
      <UniqueIdentifier>{b85c3f64-e2b7-4caf-825a-1d9dcf12d02e}</UniqueIdentifier>
    </Filter>
    <Filter Include="source\TF6-MultiFix\windows">
      <UniqueIdentifier>{26f3828f-c7f5-4642-9e86-0ad595d2e538}</UniqueIdentifier>
    </Filter>
  </ItemGroup>
  <ItemGroup>
    <None Include=".\data\plugin.ini">
      <Filter>data</Filter>
    </None>
    <None Include="data\TF6-MultiFix.ini">
      <Filter>data</Filter>
    </None>
    <None Include=".\source\TF6-MultiFix\makefile">
      <Filter>source\TF6-MultiFix</Filter>
    </None>
  </ItemGroup>
  <ItemGroup>
    <ClCompile Include=".\source\TF6-MultiFix\main.c">
      <Filter>source\TF6-MultiFix</Filter>
    </ClCompile>
    <ClCompile Include="source\TF6-MultiFix\multifix.c">
      <Filter>source\TF6-MultiFix</Filter>
    </ClCompile>
    <ClCompile Include="source\TF6-MultiFix\dueleng.c">
      <Filter>source\TF6-MultiFix</Filter>
    </ClCompile>
    <ClCompile Include="source\TF6-MultiFix\deck.c">
      <Filter>source\TF6-MultiFix</Filter>
    </ClCompile>
    <ClCompile Include="source\TF6-MultiFix\shop.c">
      <Filter>source\TF6-MultiFix</Filter>
    </ClCompile>
    <ClCompile Include="source\TF6-MultiFix\field.c">
      <Filter>source\TF6-MultiFix</Filter>
    </ClCompile>
    <ClCompile Include="source\TF6-MultiFix\helpers.c">
      <Filter>source\TF6-MultiFix</Filter>
    </ClCompile>
    <ClCompile Include="source\TF6-MultiFix\duelmgr.c">
      <Filter>source\TF6-MultiFix</Filter>
    </ClCompile>
    <ClCompile Include="source\TF6-MultiFix\dueldraw.c">
      <Filter>source\TF6-MultiFix</Filter>
    </ClCompile>
    <ClCompile Include="source\TF6-MultiFix\multifixconfig.c">
      <Filter>source\TF6-MultiFix</Filter>
    </ClCompile>
    <ClCompile Include="source\TF6-MultiFix\charalist.c">
      <Filter>source\TF6-MultiFix</Filter>
    </ClCompile>
    <ClCompile Include="source\TF6-MultiFix\tutoriallist.c">
      <Filter>source\TF6-MultiFix</Filter>
    </ClCompile>
    <ClCompile Include="source\TF6-MultiFix\duelrecord.c">
      <Filter>source\TF6-MultiFix</Filter>
    </ClCompile>
    <ClCompile Include="source\TF6-MultiFix\umdreplace.c">
      <Filter>source\TF6-MultiFix</Filter>
    </ClCompile>
    <ClCompile Include="source\TF6-MultiFix\decktutorial.c">
      <Filter>source\TF6-MultiFix</Filter>
    </ClCompile>
    <ClCompile Include="source\TF6-MultiFix\tutorial.c">
      <Filter>source\TF6-MultiFix</Filter>
    </ClCompile>
    <ClCompile Include="source\TF6-MultiFix\password.c">
      <Filter>source\TF6-MultiFix</Filter>
    </ClCompile>
    <ClCompile Include="source\TF6-MultiFix\selectcard.c">
      <Filter>source\TF6-MultiFix</Filter>
    </ClCompile>
    <ClCompile Include="source\TF6-MultiFix\cardalbum.c">
      <Filter>source\TF6-MultiFix</Filter>
    </ClCompile>
    <ClCompile Include="source\TF6-MultiFix\soundtest.c">
      <Filter>source\TF6-MultiFix</Filter>
    </ClCompile>
    <ClCompile Include="source\TF6-MultiFix\gallery.c">
      <Filter>source\TF6-MultiFix</Filter>
    </ClCompile>
    <ClCompile Include="source\TF6-MultiFix\recipeviewer.c">
      <Filter>source\TF6-MultiFix</Filter>
    </ClCompile>
    <ClCompile Include="source\TF6-MultiFix\story.c">
      <Filter>source\TF6-MultiFix</Filter>
    </ClCompile>
    <ClCompile Include="source\TF6-MultiFix\title.c">
      <Filter>source\TF6-MultiFix</Filter>
    </ClCompile>
    <ClCompile Include="source\TF6-MultiFix\YgWindow.c">
      <Filter>source\TF6-MultiFix</Filter>
    </ClCompile>
    <ClCompile Include="source\TF6-MultiFix\windows\multifixwindow.c">
      <Filter>source\TF6-MultiFix\windows</Filter>
    </ClCompile>
    <ClCompile Include="source\TF6-MultiFix\windows\installdisabledialog.c">
      <Filter>source\TF6-MultiFix\windows</Filter>
    </ClCompile>
    <ClCompile Include="source\TF6-MultiFix\windows\aboutwindow.c">
      <Filter>source\TF6-MultiFix\windows</Filter>
    </ClCompile>
    <ClCompile Include="source\TF6-MultiFix\windows\cheatmenu_duel.c">
      <Filter>source\TF6-MultiFix\windows</Filter>
    </ClCompile>
    <ClCompile Include="source\TF6-MultiFix\windows\konamidialog.c">
      <Filter>source\TF6-MultiFix\windows</Filter>
    </ClCompile>
    <ClCompile Include="source\TF6-MultiFix\DialogWindow.c">
      <Filter>source\TF6-MultiFix</Filter>
    </ClCompile>
    <ClCompile Include="source\TF6-MultiFix\MenuWindow.c">
      <Filter>source\TF6-MultiFix</Filter>
    </ClCompile>
    <ClCompile Include="source\TF6-MultiFix\windows\cheatmenu_global.c">
      <Filter>source\TF6-MultiFix\windows</Filter>
    </ClCompile>
    <ClCompile Include="source\TF6-MultiFix\WindowManager.c">
      <Filter>source\TF6-MultiFix</Filter>
    </ClCompile>
    <ClCompile Include="source\TF6-MultiFix\windows\cheatmenu_trust.c">
      <Filter>source\TF6-MultiFix\windows</Filter>
    </ClCompile>
  </ItemGroup>
  <ItemGroup>
    <ClInclude Include="source\TF6-MultiFix\multifix.h">
      <Filter>source\TF6-MultiFix</Filter>
    </ClInclude>
    <ClInclude Include="source\TF6-MultiFix\dueleng.h">
      <Filter>source\TF6-MultiFix</Filter>
    </ClInclude>
    <ClInclude Include="source\TF6-MultiFix\deck.h">
      <Filter>source\TF6-MultiFix</Filter>
    </ClInclude>
    <ClInclude Include="source\TF6-MultiFix\shop.h">
      <Filter>source\TF6-MultiFix</Filter>
    </ClInclude>
    <ClInclude Include="source\TF6-MultiFix\field.h">
      <Filter>source\TF6-MultiFix</Filter>
    </ClInclude>
    <ClInclude Include="source\TF6-MultiFix\helpers.h">
      <Filter>source\TF6-MultiFix</Filter>
    </ClInclude>
    <ClInclude Include="source\TF6-MultiFix\duelmgr.h">
      <Filter>source\TF6-MultiFix</Filter>
    </ClInclude>
    <ClInclude Include="source\TF6-MultiFix\dueldraw.h">
      <Filter>source\TF6-MultiFix</Filter>
    </ClInclude>
    <ClInclude Include="source\TF6-MultiFix\multifixconfig.h">
      <Filter>source\TF6-MultiFix</Filter>
    </ClInclude>
    <ClInclude Include="source\TF6-MultiFix\charalist.h">
      <Filter>source\TF6-MultiFix</Filter>
    </ClInclude>
    <ClInclude Include="source\TF6-MultiFix\tutoriallist.h">
      <Filter>source\TF6-MultiFix</Filter>
    </ClInclude>
    <ClInclude Include="source\TF6-MultiFix\duelrecord.h">
      <Filter>source\TF6-MultiFix</Filter>
    </ClInclude>
    <ClInclude Include="source\TF6-MultiFix\umdreplace.h">
      <Filter>source\TF6-MultiFix</Filter>
    </ClInclude>
    <ClInclude Include="source\TF6-MultiFix\decktutorial.h">
      <Filter>source\TF6-MultiFix</Filter>
    </ClInclude>
    <ClInclude Include="source\TF6-MultiFix\tutorial.h">
      <Filter>source\TF6-MultiFix</Filter>
    </ClInclude>
    <ClInclude Include="source\TF6-MultiFix\password.h">
      <Filter>source\TF6-MultiFix</Filter>
    </ClInclude>
    <ClInclude Include="source\TF6-MultiFix\selectcard.h">
      <Filter>source\TF6-MultiFix</Filter>
    </ClInclude>
    <ClInclude Include="source\TF6-MultiFix\cardalbum.h">
      <Filter>source\TF6-MultiFix</Filter>
    </ClInclude>
    <ClInclude Include="source\TF6-MultiFix\soundtest.h">
      <Filter>source\TF6-MultiFix</Filter>
    </ClInclude>
    <ClInclude Include="source\TF6-MultiFix\gallery.h">
      <Filter>source\TF6-MultiFix</Filter>
    </ClInclude>
    <ClInclude Include="source\TF6-MultiFix\recipeviewer.h">
      <Filter>source\TF6-MultiFix</Filter>
    </ClInclude>
    <ClInclude Include="source\TF6-MultiFix\story.h">
      <Filter>source\TF6-MultiFix</Filter>
    </ClInclude>
    <ClInclude Include="source\TF6-MultiFix\title.h">
      <Filter>source\TF6-MultiFix</Filter>
    </ClInclude>
    <ClInclude Include="source\TF6-MultiFix\YgWindow.h">
      <Filter>source\TF6-MultiFix</Filter>
    </ClInclude>
    <ClInclude Include="source\TF6-MultiFix\windows\installdisabledialog.h">
      <Filter>source\TF6-MultiFix\windows</Filter>
    </ClInclude>
    <ClInclude Include="source\TF6-MultiFix\windows\multifixwindow.h">
      <Filter>source\TF6-MultiFix\windows</Filter>
    </ClInclude>
    <ClInclude Include="source\TF6-MultiFix\windows\aboutwindow.h">
      <Filter>source\TF6-MultiFix\windows</Filter>
    </ClInclude>
    <ClInclude Include="source\TF6-MultiFix\windows\cheatmenu_duel.h">
      <Filter>source\TF6-MultiFix\windows</Filter>
    </ClInclude>
    <ClInclude Include="source\TF6-MultiFix\windows\konamidialog.h">
      <Filter>source\TF6-MultiFix\windows</Filter>
    </ClInclude>
    <ClInclude Include="source\TF6-MultiFix\DialogWindow.h">
      <Filter>source\TF6-MultiFix</Filter>
    </ClInclude>
    <ClInclude Include="source\TF6-MultiFix\MenuWindow.h">
      <Filter>source\TF6-MultiFix</Filter>
    </ClInclude>
    <ClInclude Include="source\TF6-MultiFix\windows\cheatmenu_global.h">
      <Filter>source\TF6-MultiFix\windows</Filter>
    </ClInclude>
    <ClInclude Include="source\TF6-MultiFix\WindowManager.h">
      <Filter>source\TF6-MultiFix</Filter>
    </ClInclude>
    <ClInclude Include="source\TF6-MultiFix\windows\cheatmenu_trust.h">
      <Filter>source\TF6-MultiFix\windows</Filter>
    </ClInclude>
  </ItemGroup>
</Project>